
Microsoft Visual Studio Solution File, Format Version 12.00
# Visual Studio Version 17
VisualStudioVersion = 17.4.33213.308
MinimumVisualStudioVersion = 10.0.40219.1
Project("{9A19103F-16F7-4668-BE54-9A1E7A4F7556}") = "ConsoleApp", "ConsoleApp\ConsoleApp.csproj", "{248BF573-156B-44EA-A728-797A7E55B19D}"
EndProject
Project("{9A19103F-16F7-4668-BE54-9A1E7A4F7556}") = "Ecommerce", "Ecommerce\Ecommerce.csproj", "{A4F68535-3902-4C6C-9870-6FFE62DB391B}"
EndProject
Project("{9A19103F-16F7-4668-BE54-9A1E7A4F7556}") = "Ecommerce2", "Ecommerce2\Ecommerce2.csproj", "{5B81471A-5A34-497D-AA1A-2E8BAEC7112F}"
EndProject
Global
	GlobalSection(SolutionConfigurationPlatforms) = preSolution
		Debug|Any CPU = Debug|Any CPU
		Release|Any CPU = Release|Any CPU
	EndGlobalSection
	GlobalSection(ProjectConfigurationPlatforms) = postSolution
		{248BF573-156B-44EA-A728-797A7E55B19D}.Debug|Any CPU.ActiveCfg = Debug|Any CPU
		{248BF573-156B-44EA-A728-797A7E55B19D}.Debug|Any CPU.Build.0 = Debug|Any CPU
		{248BF573-156B-44EA-A728-797A7E55B19D}.Release|Any CPU.ActiveCfg = Release|Any CPU
		{248BF573-156B-44EA-A728-797A7E55B19D}.Release|Any CPU.Build.0 = Release|Any CPU
		{A4F68535-3902-4C6C-9870-6FFE62DB391B}.Debug|Any CPU.ActiveCfg = Debug|Any CPU
		{A4F68535-3902-4C6C-9870-6FFE62DB391B}.Debug|Any CPU.Build.0 = Debug|Any CPU
		{A4F68535-3902-4C6C-9870-6FFE62DB391B}.Release|Any CPU.ActiveCfg = Release|Any CPU
		{A4F68535-3902-4C6C-9870-6FFE62DB391B}.Release|Any CPU.Build.0 = Release|Any CPU
		{5B81471A-5A34-497D-AA1A-2E8BAEC7112F}.Debug|Any CPU.ActiveCfg = Debug|Any CPU
		{5B81471A-5A34-497D-AA1A-2E8BAEC7112F}.Debug|Any CPU.Build.0 = Debug|Any CPU
		{5B81471A-5A34-497D-AA1A-2E8BAEC7112F}.Release|Any CPU.ActiveCfg = Release|Any CPU
		{5B81471A-5A34-497D-AA1A-2E8BAEC7112F}.Release|Any CPU.Build.0 = Release|Any CPU
	EndGlobalSection
	GlobalSection(SolutionProperties) = preSolution
		HideSolutionNode = FALSE
	EndGlobalSection
	GlobalSection(ExtensibilityGlobals) = postSolution
		SolutionGuid = {E8905C4F-BCC2-4F14-927A-61F0F508A584}
	EndGlobalSection
EndGlobal
